
Microsoft Visual Studio Solution File, Format Version 12.00
# Visual Studio Version 17
VisualStudioVersion = 17.2.32519.379
MinimumVisualStudioVersion = 10.0.40219.1
Project("{9A19103F-16F7-4668-BE54-9A1E7A4F7556}") = "NLogFastCore", "NLogFastCore\NLogFastCore.csproj", "{981529BB-99FA-4090-B3CE-12F7B88929EB}"
EndProject
Project("{9A19103F-16F7-4668-BE54-9A1E7A4F7556}") = "TaskSchedulerCore", "TaskSchedulerCore\TaskSchedulerCore.csproj", "{76373AB8-A6F9-4B2D-A40C-7F561FBBEE3F}"
EndProject
Project("{9A19103F-16F7-4668-BE54-9A1E7A4F7556}") = "EventStoreDBLibrary", "EventStoreDBLibrary\EventStoreDBLibrary.csproj", "{DEAAA95B-E4D4-4443-BA24-0E976E32564E}"
EndProject
Project("{FAE04EC0-301F-11D3-BF4B-00C04F79EFBC}") = "DictionaryManagment", "DictionaryManagment\DictionaryManagment.csproj", "{CFC21205-D891-41A0-8B59-59C73F42E4DD}"
EndProject
Global
	GlobalSection(SolutionConfigurationPlatforms) = preSolution
		Debug|Any CPU = Debug|Any CPU
		Release|Any CPU = Release|Any CPU
	EndGlobalSection
	GlobalSection(ProjectConfigurationPlatforms) = postSolution
		{981529BB-99FA-4090-B3CE-12F7B88929EB}.Debug|Any CPU.ActiveCfg = Debug|Any CPU
		{981529BB-99FA-4090-B3CE-12F7B88929EB}.Debug|Any CPU.Build.0 = Debug|Any CPU
		{981529BB-99FA-4090-B3CE-12F7B88929EB}.Release|Any CPU.ActiveCfg = Release|Any CPU
		{981529BB-99FA-4090-B3CE-12F7B88929EB}.Release|Any CPU.Build.0 = Release|Any CPU
		{76373AB8-A6F9-4B2D-A40C-7F561FBBEE3F}.Debug|Any CPU.ActiveCfg = Debug|Any CPU
		{76373AB8-A6F9-4B2D-A40C-7F561FBBEE3F}.Debug|Any CPU.Build.0 = Debug|Any CPU
		{76373AB8-A6F9-4B2D-A40C-7F561FBBEE3F}.Release|Any CPU.ActiveCfg = Release|Any CPU
		{76373AB8-A6F9-4B2D-A40C-7F561FBBEE3F}.Release|Any CPU.Build.0 = Release|Any CPU
		{DEAAA95B-E4D4-4443-BA24-0E976E32564E}.Debug|Any CPU.ActiveCfg = Debug|Any CPU
		{DEAAA95B-E4D4-4443-BA24-0E976E32564E}.Debug|Any CPU.Build.0 = Debug|Any CPU
		{DEAAA95B-E4D4-4443-BA24-0E976E32564E}.Release|Any CPU.ActiveCfg = Release|Any CPU
		{DEAAA95B-E4D4-4443-BA24-0E976E32564E}.Release|Any CPU.Build.0 = Release|Any CPU
		{CFC21205-D891-41A0-8B59-59C73F42E4DD}.Debug|Any CPU.ActiveCfg = Debug|Any CPU
		{CFC21205-D891-41A0-8B59-59C73F42E4DD}.Debug|Any CPU.Build.0 = Debug|Any CPU
		{CFC21205-D891-41A0-8B59-59C73F42E4DD}.Release|Any CPU.ActiveCfg = Release|Any CPU
		{CFC21205-D891-41A0-8B59-59C73F42E4DD}.Release|Any CPU.Build.0 = Release|Any CPU
	EndGlobalSection
	GlobalSection(SolutionProperties) = preSolution
		HideSolutionNode = FALSE
	EndGlobalSection
	GlobalSection(ExtensibilityGlobals) = postSolution
		SolutionGuid = {F7F083E2-1B39-4BA6-8F4B-F9925F74245F}
	EndGlobalSection
EndGlobal
